// !$*UTF8*$!
{
	archiveVersion = 1;
	classes = {
	};
	objectVersion = 50;
	objects = {

/* Begin PBXBuildFile section */
		69F3D039221A8F6300AA2B9F /* AppDelegate.swift in Sources */ = {isa = PBXBuildFile; fileRef = 69F3D038221A8F6300AA2B9F /* AppDelegate.swift */; };
		69F3D03B221A8F6300AA2B9F /* ViewController.swift in Sources */ = {isa = PBXBuildFile; fileRef = 69F3D03A221A8F6300AA2B9F /* ViewController.swift */; };
		69F3D03E221A8F6300AA2B9F /* Main.storyboard in Resources */ = {isa = PBXBuildFile; fileRef = 69F3D03C221A8F6300AA2B9F /* Main.storyboard */; };
		69F3D040221A8F6800AA2B9F /* Assets.xcassets in Resources */ = {isa = PBXBuildFile; fileRef = 69F3D03F221A8F6800AA2B9F /* Assets.xcassets */; };
		69F3D043221A8F6800AA2B9F /* LaunchScreen.storyboard in Resources */ = {isa = PBXBuildFile; fileRef = 69F3D041221A8F6800AA2B9F /* LaunchScreen.storyboard */; };
		69F3D04E221A8F6800AA2B9F /* ChatTests.swift in Sources */ = {isa = PBXBuildFile; fileRef = 69F3D04D221A8F6800AA2B9F /* ChatTests.swift */; };
		69F3D059221A8F6900AA2B9F /* ChatUITests.swift in Sources */ = {isa = PBXBuildFile; fileRef = 69F3D058221A8F6900AA2B9F /* ChatUITests.swift */; };
/* End PBXBuildFile section */

/* Begin PBXContainerItemProxy section */
		69F3D04A221A8F6800AA2B9F /* PBXContainerItemProxy */ = {
			isa = PBXContainerItemProxy;
			containerPortal = 69F3D02D221A8F6300AA2B9F /* Project object */;
			proxyType = 1;
			remoteGlobalIDString = 69F3D034221A8F6300AA2B9F;
			remoteInfo = Chat;
		};
		69F3D055221A8F6900AA2B9F /* PBXContainerItemProxy */ = {
			isa = PBXContainerItemProxy;
			containerPortal = 69F3D02D221A8F6300AA2B9F /* Project object */;
			proxyType = 1;
			remoteGlobalIDString = 69F3D034221A8F6300AA2B9F;
			remoteInfo = Chat;
		};
/* End PBXContainerItemProxy section */

/* Begin PBXFileReference section */
		69F3D035221A8F6300AA2B9F /* Chat.app */ = {isa = PBXFileReference; explicitFileType = wrapper.application; includeInIndex = 0; path = Chat.app; sourceTree = BUILT_PRODUCTS_DIR; };
		69F3D038221A8F6300AA2B9F /* AppDelegate.swift */ = {isa = PBXFileReference; lastKnownFileType = sourcecode.swift; path = AppDelegate.swift; sourceTree = "<group>"; };
		69F3D03A221A8F6300AA2B9F /* ViewController.swift */ = {isa = PBXFileReference; lastKnownFileType = sourcecode.swift; path = ViewController.swift; sourceTree = "<group>"; };
		69F3D03D221A8F6300AA2B9F /* Base */ = {isa = PBXFileReference; lastKnownFileType = file.storyboard; name = Base; path = Base.lproj/Main.storyboard; sourceTree = "<group>"; };
		69F3D03F221A8F6800AA2B9F /* Assets.xcassets */ = {isa = PBXFileReference; lastKnownFileType = folder.assetcatalog; path = Assets.xcassets; sourceTree = "<group>"; };
		69F3D042221A8F6800AA2B9F /* Base */ = {isa = PBXFileReference; lastKnownFileType = file.storyboard; name = Base; path = Base.lproj/LaunchScreen.storyboard; sourceTree = "<group>"; };
		69F3D044221A8F6800AA2B9F /* Info.plist */ = {isa = PBXFileReference; lastKnownFileType = text.plist.xml; path = Info.plist; sourceTree = "<group>"; };
		69F3D049221A8F6800AA2B9F /* ChatTests.xctest */ = {isa = PBXFileReference; explicitFileType = wrapper.cfbundle; includeInIndex = 0; path = ChatTests.xctest; sourceTree = BUILT_PRODUCTS_DIR; };
		69F3D04D221A8F6800AA2B9F /* ChatTests.swift */ = {isa = PBXFileReference; lastKnownFileType = sourcecode.swift; path = ChatTests.swift; sourceTree = "<group>"; };
		69F3D04F221A8F6800AA2B9F /* Info.plist */ = {isa = PBXFileReference; lastKnownFileType = text.plist.xml; path = Info.plist; sourceTree = "<group>"; };
		69F3D054221A8F6900AA2B9F /* ChatUITests.xctest */ = {isa = PBXFileReference; explicitFileType = wrapper.cfbundle; includeInIndex = 0; path = ChatUITests.xctest; sourceTree = BUILT_PRODUCTS_DIR; };
		69F3D058221A8F6900AA2B9F /* ChatUITests.swift */ = {isa = PBXFileReference; lastKnownFileType = sourcecode.swift; path = ChatUITests.swift; sourceTree = "<group>"; };
		69F3D05A221A8F6900AA2B9F /* Info.plist */ = {isa = PBXFileReference; lastKnownFileType = text.plist.xml; path = Info.plist; sourceTree = "<group>"; };
/* End PBXFileReference section */

/* Begin PBXFrameworksBuildPhase section */
		69F3D032221A8F6300AA2B9F /* Frameworks */ = {
			isa = PBXFrameworksBuildPhase;
			buildActionMask = 2147483647;
			files = (
			);
			runOnlyForDeploymentPostprocessing = 0;
		};
		69F3D046221A8F6800AA2B9F /* Frameworks */ = {
			isa = PBXFrameworksBuildPhase;
			buildActionMask = 2147483647;
			files = (
			);
			runOnlyForDeploymentPostprocessing = 0;
		};
		69F3D051221A8F6900AA2B9F /* Frameworks */ = {
			isa = PBXFrameworksBuildPhase;
			buildActionMask = 2147483647;
			files = (
			);
			runOnlyForDeploymentPostprocessing = 0;
		};
/* End PBXFrameworksBuildPhase section */

/* Begin PBXGroup section */
		69F3D02C221A8F6300AA2B9F = {
			isa = PBXGroup;
			children = (
				69F3D037221A8F6300AA2B9F /* Chat */,
				69F3D04C221A8F6800AA2B9F /* ChatTests */,
				69F3D057221A8F6900AA2B9F /* ChatUITests */,
				69F3D036221A8F6300AA2B9F /* Products */,
			);
			sourceTree = "<group>";
		};
		69F3D036221A8F6300AA2B9F /* Products */ = {
			isa = PBXGroup;
			children = (
				69F3D035221A8F6300AA2B9F /* Chat.app */,
				69F3D049221A8F6800AA2B9F /* ChatTests.xctest */,
				69F3D054221A8F6900AA2B9F /* ChatUITests.xctest */,
			);
			name = Products;
			sourceTree = "<group>";
		};
		69F3D037221A8F6300AA2B9F /* Chat */ = {
			isa = PBXGroup;
			children = (
				69F3D038221A8F6300AA2B9F /* AppDelegate.swift */,
				69F3D03A221A8F6300AA2B9F /* ViewController.swift */,
				69F3D03C221A8F6300AA2B9F /* Main.storyboard */,
				69F3D03F221A8F6800AA2B9F /* Assets.xcassets */,
				69F3D041221A8F6800AA2B9F /* LaunchScreen.storyboard */,
				69F3D044221A8F6800AA2B9F /* Info.plist */,
			);
			path = Chat;
			sourceTree = "<group>";
		};
		69F3D04C221A8F6800AA2B9F /* ChatTests */ = {
			isa = PBXGroup;
			children = (
				69F3D04D221A8F6800AA2B9F /* ChatTests.swift */,
				69F3D04F221A8F6800AA2B9F /* Info.plist */,
			);
			path = ChatTests;
			sourceTree = "<group>";
		};
		69F3D057221A8F6900AA2B9F /* ChatUITests */ = {
			isa = PBXGroup;
			children = (
				69F3D058221A8F6900AA2B9F /* ChatUITests.swift */,
				69F3D05A221A8F6900AA2B9F /* Info.plist */,
			);
			path = ChatUITests;
			sourceTree = "<group>";
		};
/* End PBXGroup section */

/* Begin PBXNativeTarget section */
		69F3D034221A8F6300AA2B9F /* Chat */ = {
			isa = PBXNativeTarget;
			buildConfigurationList = 69F3D05D221A8F6900AA2B9F /* Build configuration list for PBXNativeTarget "Chat" */;
			buildPhases = (
				69F3D031221A8F6300AA2B9F /* Sources */,
				69F3D032221A8F6300AA2B9F /* Frameworks */,
				69F3D033221A8F6300AA2B9F /* Resources */,
			);
			buildRules = (
			);
			dependencies = (
			);
			name = Chat;
			productName = Chat;
			productReference = 69F3D035221A8F6300AA2B9F /* Chat.app */;
			productType = "com.apple.product-type.application";
		};
		69F3D048221A8F6800AA2B9F /* ChatTests */ = {
			isa = PBXNativeTarget;
			buildConfigurationList = 69F3D060221A8F6900AA2B9F /* Build configuration list for PBXNativeTarget "ChatTests" */;
			buildPhases = (
				69F3D045221A8F6800AA2B9F /* Sources */,
				69F3D046221A8F6800AA2B9F /* Frameworks */,
				69F3D047221A8F6800AA2B9F /* Resources */,
			);
			buildRules = (
			);
			dependencies = (
				69F3D04B221A8F6800AA2B9F /* PBXTargetDependency */,
			);
			name = ChatTests;
			productName = ChatTests;
			productReference = 69F3D049221A8F6800AA2B9F /* ChatTests.xctest */;
			productType = "com.apple.product-type.bundle.unit-test";
		};
		69F3D053221A8F6900AA2B9F /* ChatUITests */ = {
			isa = PBXNativeTarget;
			buildConfigurationList = 69F3D063221A8F6900AA2B9F /* Build configuration list for PBXNativeTarget "ChatUITests" */;
			buildPhases = (
				69F3D050221A8F6900AA2B9F /* Sources */,
				69F3D051221A8F6900AA2B9F /* Frameworks */,
				69F3D052221A8F6900AA2B9F /* Resources */,
			);
			buildRules = (
			);
			dependencies = (
				69F3D056221A8F6900AA2B9F /* PBXTargetDependency */,
			);
			name = ChatUITests;
			productName = ChatUITests;
			productReference = 69F3D054221A8F6900AA2B9F /* ChatUITests.xctest */;
			productType = "com.apple.product-type.bundle.ui-testing";
		};
/* End PBXNativeTarget section */

/* Begin PBXProject section */
		69F3D02D221A8F6300AA2B9F /* Project object */ = {
			isa = PBXProject;
			attributes = {
				LastSwiftUpdateCheck = 1010;
				LastUpgradeCheck = 1010;
				ORGANIZATIONNAME = masappe;
				TargetAttributes = {
					69F3D034221A8F6300AA2B9F = {
						CreatedOnToolsVersion = 10.1;
					};
					69F3D048221A8F6800AA2B9F = {
						CreatedOnToolsVersion = 10.1;
						TestTargetID = 69F3D034221A8F6300AA2B9F;
					};
					69F3D053221A8F6900AA2B9F = {
						CreatedOnToolsVersion = 10.1;
						TestTargetID = 69F3D034221A8F6300AA2B9F;
					};
				};
			};
			buildConfigurationList = 69F3D030221A8F6300AA2B9F /* Build configuration list for PBXProject "Chat" */;
			compatibilityVersion = "Xcode 9.3";
			developmentRegion = en;
			hasScannedForEncodings = 0;
			knownRegions = (
				en,
				Base,
			);
			mainGroup = 69F3D02C221A8F6300AA2B9F;
			productRefGroup = 69F3D036221A8F6300AA2B9F /* Products */;
			projectDirPath = "";
			projectRoot = "";
			targets = (
				69F3D034221A8F6300AA2B9F /* Chat */,
				69F3D048221A8F6800AA2B9F /* ChatTests */,
				69F3D053221A8F6900AA2B9F /* ChatUITests */,
			);
		};
/* End PBXProject section */

/* Begin PBXResourcesBuildPhase section */
		69F3D033221A8F6300AA2B9F /* Resources */ = {
			isa = PBXResourcesBuildPhase;
			buildActionMask = 2147483647;
			files = (
				69F3D043221A8F6800AA2B9F /* LaunchScreen.storyboard in Resources */,
				69F3D040221A8F6800AA2B9F /* Assets.xcassets in Resources */,
				69F3D03E221A8F6300AA2B9F /* Main.storyboard in Resources */,
			);
			runOnlyForDeploymentPostprocessing = 0;
		};
		69F3D047221A8F6800AA2B9F /* Resources */ = {
			isa = PBXResourcesBuildPhase;
			buildActionMask = 2147483647;
			files = (
			);
			runOnlyForDeploymentPostprocessing = 0;
		};
		69F3D052221A8F6900AA2B9F /* Resources */ = {
			isa = PBXResourcesBuildPhase;
			buildActionMask = 2147483647;
			files = (
			);
			runOnlyForDeploymentPostprocessing = 0;
		};
/* End PBXResourcesBuildPhase section */

/* Begin PBXSourcesBuildPhase section */
		69F3D031221A8F6300AA2B9F /* Sources */ = {
			isa = PBXSourcesBuildPhase;
			buildActionMask = 2147483647;
			files = (
				69F3D03B221A8F6300AA2B9F /* ViewController.swift in Sources */,
				69F3D039221A8F6300AA2B9F /* AppDelegate.swift in Sources */,
			);
			runOnlyForDeploymentPostprocessing = 0;
		};
		69F3D045221A8F6800AA2B9F /* Sources */ = {
			isa = PBXSourcesBuildPhase;
			buildActionMask = 2147483647;
			files = (
				69F3D04E221A8F6800AA2B9F /* ChatTests.swift in Sources */,
			);
			runOnlyForDeploymentPostprocessing = 0;
		};
		69F3D050221A8F6900AA2B9F /* Sources */ = {
			isa = PBXSourcesBuildPhase;
			buildActionMask = 2147483647;
			files = (
				69F3D059221A8F6900AA2B9F /* ChatUITests.swift in Sources */,
			);
			runOnlyForDeploymentPostprocessing = 0;
		};
/* End PBXSourcesBuildPhase section */

/* Begin PBXTargetDependency section */
		69F3D04B221A8F6800AA2B9F /* PBXTargetDependency */ = {
			isa = PBXTargetDependency;
			target = 69F3D034221A8F6300AA2B9F /* Chat */;
			targetProxy = 69F3D04A221A8F6800AA2B9F /* PBXContainerItemProxy */;
		};
		69F3D056221A8F6900AA2B9F /* PBXTargetDependency */ = {
			isa = PBXTargetDependency;
			target = 69F3D034221A8F6300AA2B9F /* Chat */;
			targetProxy = 69F3D055221A8F6900AA2B9F /* PBXContainerItemProxy */;
		};
/* End PBXTargetDependency section */

/* Begin PBXVariantGroup section */
		69F3D03C221A8F6300AA2B9F /* Main.storyboard */ = {
			isa = PBXVariantGroup;
			children = (
				69F3D03D221A8F6300AA2B9F /* Base */,
			);
			name = Main.storyboard;
			sourceTree = "<group>";
		};
		69F3D041221A8F6800AA2B9F /* LaunchScreen.storyboard */ = {
			isa = PBXVariantGroup;
			children = (
				69F3D042221A8F6800AA2B9F /* Base */,
			);
			name = LaunchScreen.storyboard;
			sourceTree = "<group>";
		};
/* End PBXVariantGroup section */

/* Begin XCBuildConfiguration section */
		69F3D05B221A8F6900AA2B9F /* Debug */ = {
			isa = XCBuildConfiguration;
			buildSettings = {
				ALWAYS_SEARCH_USER_PATHS = NO;
				CLANG_ANALYZER_NONNULL = YES;
				CLANG_ANALYZER_NUMBER_OBJECT_CONVERSION = YES_AGGRESSIVE;
				CLANG_CXX_LANGUAGE_STANDARD = "gnu++14";
				CLANG_CXX_LIBRARY = "libc++";
				CLANG_ENABLE_MODULES = YES;
				CLANG_ENABLE_OBJC_ARC = YES;
				CLANG_ENABLE_OBJC_WEAK = YES;
				CLANG_WARN_BLOCK_CAPTURE_AUTORELEASING = YES;
				CLANG_WARN_BOOL_CONVERSION = YES;
				CLANG_WARN_COMMA = YES;
				CLANG_WARN_CONSTANT_CONVERSION = YES;
				CLANG_WARN_DEPRECATED_OBJC_IMPLEMENTATIONS = YES;
				CLANG_WARN_DIRECT_OBJC_ISA_USAGE = YES_ERROR;
				CLANG_WARN_DOCUMENTATION_COMMENTS = YES;
				CLANG_WARN_EMPTY_BODY = YES;
				CLANG_WARN_ENUM_CONVERSION = YES;
				CLANG_WARN_INFINITE_RECURSION = YES;
				CLANG_WARN_INT_CONVERSION = YES;
				CLANG_WARN_NON_LITERAL_NULL_CONVERSION = YES;
				CLANG_WARN_OBJC_IMPLICIT_RETAIN_SELF = YES;
				CLANG_WARN_OBJC_LITERAL_CONVERSION = YES;
				CLANG_WARN_OBJC_ROOT_CLASS = YES_ERROR;
				CLANG_WARN_RANGE_LOOP_ANALYSIS = YES;
				CLANG_WARN_STRICT_PROTOTYPES = YES;
				CLANG_WARN_SUSPICIOUS_MOVE = YES;
				CLANG_WARN_UNGUARDED_AVAILABILITY = YES_AGGRESSIVE;
				CLANG_WARN_UNREACHABLE_CODE = YES;
				CLANG_WARN__DUPLICATE_METHOD_MATCH = YES;
				CODE_SIGN_IDENTITY = "iPhone Developer";
				COPY_PHASE_STRIP = NO;
				DEBUG_INFORMATION_FORMAT = dwarf;
				ENABLE_STRICT_OBJC_MSGSEND = YES;
				ENABLE_TESTABILITY = YES;
				GCC_C_LANGUAGE_STANDARD = gnu11;
				GCC_DYNAMIC_NO_PIC = NO;
				GCC_NO_COMMON_BLOCKS = YES;
				GCC_OPTIMIZATION_LEVEL = 0;
				GCC_PREPROCESSOR_DEFINITIONS = (
					"DEBUG=1",
					"$(inherited)",
				);
				GCC_WARN_64_TO_32_BIT_CONVERSION = YES;
				GCC_WARN_ABOUT_RETURN_TYPE = YES_ERROR;
				GCC_WARN_UNDECLARED_SELECTOR = YES;
				GCC_WARN_UNINITIALIZED_AUTOS = YES_AGGRESSIVE;
				GCC_WARN_UNUSED_FUNCTION = YES;
				GCC_WARN_UNUSED_VARIABLE = YES;
				IPHONEOS_DEPLOYMENT_TARGET = 12.1;
				MTL_ENABLE_DEBUG_INFO = INCLUDE_SOURCE;
				MTL_FAST_MATH = YES;
				ONLY_ACTIVE_ARCH = YES;
				SDKROOT = iphoneos;
				SWIFT_ACTIVE_COMPILATION_CONDITIONS = DEBUG;
				SWIFT_OPTIMIZATION_LEVEL = "-Onone";
			};
			name = Debug;
		};
		69F3D05C221A8F6900AA2B9F /* Release */ = {
			isa = XCBuildConfiguration;
			buildSettings = {
				ALWAYS_SEARCH_USER_PATHS = NO;
				CLANG_ANALYZER_NONNULL = YES;
				CLANG_ANALYZER_NUMBER_OBJECT_CONVERSION = YES_AGGRESSIVE;
				CLANG_CXX_LANGUAGE_STANDARD = "gnu++14";
				CLANG_CXX_LIBRARY = "libc++";
				CLANG_ENABLE_MODULES = YES;
				CLANG_ENABLE_OBJC_ARC = YES;
				CLANG_ENABLE_OBJC_WEAK = YES;
				CLANG_WARN_BLOCK_CAPTURE_AUTORELEASING = YES;
				CLANG_WARN_BOOL_CONVERSION = YES;
				CLANG_WARN_COMMA = YES;
				CLANG_WARN_CONSTANT_CONVERSION = YES;
				CLANG_WARN_DEPRECATED_OBJC_IMPLEMENTATIONS = YES;
				CLANG_WARN_DIRECT_OBJC_ISA_USAGE = YES_ERROR;
				CLANG_WARN_DOCUMENTATION_COMMENTS = YES;
				CLANG_WARN_EMPTY_BODY = YES;
				CLANG_WARN_ENUM_CONVERSION = YES;
				CLANG_WARN_INFINITE_RECURSION = YES;
				CLANG_WARN_INT_CONVERSION = YES;
				CLANG_WARN_NON_LITERAL_NULL_CONVERSION = YES;
				CLANG_WARN_OBJC_IMPLICIT_RETAIN_SELF = YES;
				CLANG_WARN_OBJC_LITERAL_CONVERSION = YES;
				CLANG_WARN_OBJC_ROOT_CLASS = YES_ERROR;
				CLANG_WARN_RANGE_LOOP_ANALYSIS = YES;
				CLANG_WARN_STRICT_PROTOTYPES = YES;
				CLANG_WARN_SUSPICIOUS_MOVE = YES;
				CLANG_WARN_UNGUARDED_AVAILABILITY = YES_AGGRESSIVE;
				CLANG_WARN_UNREACHABLE_CODE = YES;
				CLANG_WARN__DUPLICATE_METHOD_MATCH = YES;
				CODE_SIGN_IDENTITY = "iPhone Developer";
				COPY_PHASE_STRIP = NO;
				DEBUG_INFORMATION_FORMAT = "dwarf-with-dsym";
				ENABLE_NS_ASSERTIONS = NO;
				ENABLE_STRICT_OBJC_MSGSEND = YES;
				GCC_C_LANGUAGE_STANDARD = gnu11;
				GCC_NO_COMMON_BLOCKS = YES;
				GCC_WARN_64_TO_32_BIT_CONVERSION = YES;
				GCC_WARN_ABOUT_RETURN_TYPE = YES_ERROR;
				GCC_WARN_UNDECLARED_SELECTOR = YES;
				GCC_WARN_UNINITIALIZED_AUTOS = YES_AGGRESSIVE;
				GCC_WARN_UNUSED_FUNCTION = YES;
				GCC_WARN_UNUSED_VARIABLE = YES;
				IPHONEOS_DEPLOYMENT_TARGET = 12.1;
				MTL_ENABLE_DEBUG_INFO = NO;
				MTL_FAST_MATH = YES;
				SDKROOT = iphoneos;
				SWIFT_COMPILATION_MODE = wholemodule;
				SWIFT_OPTIMIZATION_LEVEL = "-O";
				VALIDATE_PRODUCT = YES;
			};
			name = Release;
		};
		69F3D05E221A8F6900AA2B9F /* Debug */ = {
			isa = XCBuildConfiguration;
			buildSettings = {
				ASSETCATALOG_COMPILER_APPICON_NAME = AppIcon;
				CODE_SIGN_STYLE = Automatic;
				DEVELOPMENT_TEAM = AT3Z7H99FC;
				INFOPLIST_FILE = Chat/Info.plist;
				LD_RUNPATH_SEARCH_PATHS = (
					"$(inherited)",
					"@executable_path/Frameworks",
				);
				PRODUCT_BUNDLE_IDENTIFIER = jp.litswift.Chat;
				PRODUCT_NAME = "$(TARGET_NAME)";
				SWIFT_VERSION = 4.2;
				TARGETED_DEVICE_FAMILY = "1,2";
			};
			name = Debug;
		};
		69F3D05F221A8F6900AA2B9F /* Release */ = {
			isa = XCBuildConfiguration;
			buildSettings = {
				ASSETCATALOG_COMPILER_APPICON_NAME = AppIcon;
				CODE_SIGN_STYLE = Automatic;
				DEVELOPMENT_TEAM = AT3Z7H99FC;
				INFOPLIST_FILE = Chat/Info.plist;
				LD_RUNPATH_SEARCH_PATHS = (
					"$(inherited)",
					"@executable_path/Frameworks",
				);
				PRODUCT_BUNDLE_IDENTIFIER = jp.litswift.Chat;
				PRODUCT_NAME = "$(TARGET_NAME)";
				SWIFT_VERSION = 4.2;
				TARGETED_DEVICE_FAMILY = "1,2";
			};
			name = Release;
		};
		69F3D061221A8F6900AA2B9F /* Debug */ = {
			isa = XCBuildConfiguration;
			buildSettings = {
				ALWAYS_EMBED_SWIFT_STANDARD_LIBRARIES = YES;
				BUNDLE_LOADER = "$(TEST_HOST)";
				CODE_SIGN_STYLE = Automatic;
				DEVELOPMENT_TEAM = AT3Z7H99FC;
				INFOPLIST_FILE = ChatTests/Info.plist;
				LD_RUNPATH_SEARCH_PATHS = (
					"$(inherited)",
					"@executable_path/Frameworks",
					"@loader_path/Frameworks",
				);
				PRODUCT_BUNDLE_IDENTIFIER = jp.litswift.ChatTests;
				PRODUCT_NAME = "$(TARGET_NAME)";
				SWIFT_VERSION = 4.2;
				TARGETED_DEVICE_FAMILY = "1,2";
				TEST_HOST = "$(BUILT_PRODUCTS_DIR)/Chat.app/Chat";
			};
			name = Debug;
		};
		69F3D062221A8F6900AA2B9F /* Release */ = {
			isa = XCBuildConfiguration;
			buildSettings = {
				ALWAYS_EMBED_SWIFT_STANDARD_LIBRARIES = YES;
				BUNDLE_LOADER = "$(TEST_HOST)";
				CODE_SIGN_STYLE = Automatic;
				DEVELOPMENT_TEAM = AT3Z7H99FC;
				INFOPLIST_FILE = ChatTests/Info.plist;
				LD_RUNPATH_SEARCH_PATHS = (
					"$(inherited)",
					"@executable_path/Frameworks",
					"@loader_path/Frameworks",
				);
				PRODUCT_BUNDLE_IDENTIFIER = jp.litswift.ChatTests;
				PRODUCT_NAME = "$(TARGET_NAME)";
				SWIFT_VERSION = 4.2;
				TARGETED_DEVICE_FAMILY = "1,2";
				TEST_HOST = "$(BUILT_PRODUCTS_DIR)/Chat.app/Chat";
			};
			name = Release;
		};
		69F3D064221A8F6900AA2B9F /* Debug */ = {
			isa = XCBuildConfiguration;
			buildSettings = {
				ALWAYS_EMBED_SWIFT_STANDARD_LIBRARIES = YES;
				CODE_SIGN_STYLE = Automatic;
				DEVELOPMENT_TEAM = AT3Z7H99FC;
				INFOPLIST_FILE = ChatUITests/Info.plist;
				LD_RUNPATH_SEARCH_PATHS = (
					"$(inherited)",
					"@executable_path/Frameworks",
					"@loader_path/Frameworks",
				);
				PRODUCT_BUNDLE_IDENTIFIER = jp.litswift.ChatUITests;
				PRODUCT_NAME = "$(TARGET_NAME)";
				SWIFT_VERSION = 4.2;
				TARGETED_DEVICE_FAMILY = "1,2";
				TEST_TARGET_NAME = Chat;
			};
			name = Debug;
		};
		69F3D065221A8F6900AA2B9F /* Release */ = {
			isa = XCBuildConfiguration;
			buildSettings = {
				ALWAYS_EMBED_SWIFT_STANDARD_LIBRARIES = YES;
				CODE_SIGN_STYLE = Automatic;
				DEVELOPMENT_TEAM = AT3Z7H99FC;
				INFOPLIST_FILE = ChatUITests/Info.plist;
				LD_RUNPATH_SEARCH_PATHS = (
					"$(inherited)",
					"@executable_path/Frameworks",
					"@loader_path/Frameworks",
				);
				PRODUCT_BUNDLE_IDENTIFIER = jp.litswift.ChatUITests;
				PRODUCT_NAME = "$(TARGET_NAME)";
				SWIFT_VERSION = 4.2;
				TARGETED_DEVICE_FAMILY = "1,2";
				TEST_TARGET_NAME = Chat;
			};
			name = Release;
		};
/* End XCBuildConfiguration section */

/* Begin XCConfigurationList section */
		69F3D030221A8F6300AA2B9F /* Build configuration list for PBXProject "Chat" */ = {
			isa = XCConfigurationList;
			buildConfigurations = (
				69F3D05B221A8F6900AA2B9F /* Debug */,
				69F3D05C221A8F6900AA2B9F /* Release */,
			);
			defaultConfigurationIsVisible = 0;
			defaultConfigurationName = Release;
		};
		69F3D05D221A8F6900AA2B9F /* Build configuration list for PBXNativeTarget "Chat" */ = {
			isa = XCConfigurationList;
			buildConfigurations = (
				69F3D05E221A8F6900AA2B9F /* Debug */,
				69F3D05F221A8F6900AA2B9F /* Release */,
			);
			defaultConfigurationIsVisible = 0;
			defaultConfigurationName = Release;
		};
		69F3D060221A8F6900AA2B9F /* Build configuration list for PBXNativeTarget "ChatTests" */ = {
			isa = XCConfigurationList;
			buildConfigurations = (
				69F3D061221A8F6900AA2B9F /* Debug */,
				69F3D062221A8F6900AA2B9F /* Release */,
			);
			defaultConfigurationIsVisible = 0;
			defaultConfigurationName = Release;
		};
		69F3D063221A8F6900AA2B9F /* Build configuration list for PBXNativeTarget "ChatUITests" */ = {
			isa = XCConfigurationList;
			buildConfigurations = (
				69F3D064221A8F6900AA2B9F /* Debug */,
				69F3D065221A8F6900AA2B9F /* Release */,
			);
			defaultConfigurationIsVisible = 0;
			defaultConfigurationName = Release;
		};
/* End XCConfigurationList section */
	};
	rootObject = 69F3D02D221A8F6300AA2B9F /* Project object */;
}
